
Microsoft Visual Studio Solution File, Format Version 12.00
# Visual Studio Version 17
VisualStudioVersion = 17.14.36301.6 d17.14
MinimumVisualStudioVersion = 10.0.40219.1
Project("{FAE04EC0-301F-11D3-BF4B-00C04F79EFBC}") = "CalculatorApp", "CalculatorApp\CalculatorApp.csproj", "{0ED51827-6B5C-42A3-87DA-4C0B87127160}"
EndProject
Global
	GlobalSection(SolutionConfigurationPlatforms) = preSolution
		Debug|Any CPU = Debug|Any CPU
		Release|Any CPU = Release|Any CPU
	EndGlobalSection
	GlobalSection(ProjectConfigurationPlatforms) = postSolution
		{0ED51827-6B5C-42A3-87DA-4C0B87127160}.Debug|Any CPU.ActiveCfg = Debug|Any CPU
		{0ED51827-6B5C-42A3-87DA-4C0B87127160}.Debug|Any CPU.Build.0 = Debug|Any CPU
		{0ED51827-6B5C-42A3-87DA-4C0B87127160}.Release|Any CPU.ActiveCfg = Release|Any CPU
		{0ED51827-6B5C-42A3-87DA-4C0B87127160}.Release|Any CPU.Build.0 = Release|Any CPU
	EndGlobalSection
	GlobalSection(SolutionProperties) = preSolution
		HideSolutionNode = FALSE
	EndGlobalSection
	GlobalSection(ExtensibilityGlobals) = postSolution
		SolutionGuid = {3E160755-14DD-454C-A421-DA3922DD98A3}
	EndGlobalSection
EndGlobal
